{
  "nodes": {
    "nixpkgs": {
      "locked": {
        "lastModified": 1598109365,
        "narHash": "sha256-OTj4dLeeaFJfz1gYI/hEMkU/MOSS6rtFLuNFPYrlcf8=",
        "owner": "NixOS",
        "repo": "nixpkgs",
        "rev": "b83b54d0a8336746e4cd130bb7beb2ddd032ac87",
        "type": "github"
      },
      "original": {
        "owner": "NixOS",
        "ref": "nixos-20.03",
        "repo": "nixpkgs",
        "type": "github"
      }
    },
    "root": {
      "inputs": {
        "nixpkgs": "nixpkgs"
      }
    }
  },
  "root": "root",
  "version": 7
}
